
Microsoft Visual Studio Solution File, Format Version 12.00
# Visual Studio Version 16
VisualStudioVersion = 16.0.29411.108
MinimumVisualStudioVersion = 10.0.40219.1
Project("{FAE04EC0-301F-11D3-BF4B-00C04F79EFBC}") = "question1", "question1.csproj", "{096B7B60-7BC3-42B6-93F8-282A0473D8EF}"
EndProject
Global
	GlobalSection(SolutionConfigurationPlatforms) = preSolution
		Debug|Any CPU = Debug|Any CPU
		Release|Any CPU = Release|Any CPU
	EndGlobalSection
	GlobalSection(ProjectConfigurationPlatforms) = postSolution
		{096B7B60-7BC3-42B6-93F8-282A0473D8EF}.Debug|Any CPU.ActiveCfg = Debug|Any CPU
		{096B7B60-7BC3-42B6-93F8-282A0473D8EF}.Debug|Any CPU.Build.0 = Debug|Any CPU
		{096B7B60-7BC3-42B6-93F8-282A0473D8EF}.Release|Any CPU.ActiveCfg = Release|Any CPU
		{096B7B60-7BC3-42B6-93F8-282A0473D8EF}.Release|Any CPU.Build.0 = Release|Any CPU
	EndGlobalSection
	GlobalSection(SolutionProperties) = preSolution
		HideSolutionNode = FALSE
	EndGlobalSection
	GlobalSection(ExtensibilityGlobals) = postSolution
		SolutionGuid = {8595838F-82BD-4DFE-BE6B-6590A7600306}
	EndGlobalSection
EndGlobal
